
Microsoft Visual Studio Solution File, Format Version 12.00
# Visual Studio Version 17
VisualStudioVersion = 17.1.32328.378
MinimumVisualStudioVersion = 10.0.40219.1
Project("{FAE04EC0-301F-11D3-BF4B-00C04F79EFBC}") = "e2API", "e2API\e2API.csproj", "{63F046A6-B666-4769-A087-BB19057F9581}"
EndProject
Global
	GlobalSection(SolutionConfigurationPlatforms) = preSolution
		Debug|Any CPU = Debug|Any CPU
		Release|Any CPU = Release|Any CPU
	EndGlobalSection
	GlobalSection(ProjectConfigurationPlatforms) = postSolution
		{63F046A6-B666-4769-A087-BB19057F9581}.Debug|Any CPU.ActiveCfg = Debug|Any CPU
		{63F046A6-B666-4769-A087-BB19057F9581}.Debug|Any CPU.Build.0 = Debug|Any CPU
		{63F046A6-B666-4769-A087-BB19057F9581}.Release|Any CPU.ActiveCfg = Release|Any CPU
		{63F046A6-B666-4769-A087-BB19057F9581}.Release|Any CPU.Build.0 = Release|Any CPU
	EndGlobalSection
	GlobalSection(SolutionProperties) = preSolution
		HideSolutionNode = FALSE
	EndGlobalSection
	GlobalSection(ExtensibilityGlobals) = postSolution
		SolutionGuid = {9F2D2B2F-5A41-45AB-BACD-FB989CB6D231}
	EndGlobalSection
EndGlobal
